
Microsoft Visual Studio Solution File, Format Version 12.00
# Visual Studio Version 17
VisualStudioVersion = 17.11.35303.130
MinimumVisualStudioVersion = 10.0.40219.1
Project("{2150E333-8FDC-42A3-9474-1A3956D46DE8}") = "task0", "task0", "{53C08016-1CDB-4A09-86C4-F7B8B18B2F03}"
EndProject
Project("{9A19103F-16F7-4668-BE54-9A1E7A4F7556}") = "Tyuiu.GulahmedovTE.Sprint6.Task0.V22.Lib", "Tyuiu.GulahmedovTE.Sprint6.Task0.V22.Lib\Tyuiu.GulahmedovTE.Sprint6.Task0.V22.Lib.csproj", "{69ABFE4D-5E42-4670-BCB3-A781DFADA061}"
EndProject
Project("{9A19103F-16F7-4668-BE54-9A1E7A4F7556}") = "Tyuiu.GulahmedovTE.Sprint6.Task0.V22.Test", "Tyuiu.GulahmedovTE.Sprint6.Task0.V22.Test\Tyuiu.GulahmedovTE.Sprint6.Task0.V22.Test.csproj", "{7C85A5AE-3A3B-4039-AC2F-DDD6D960EB20}"
EndProject
Project("{9A19103F-16F7-4668-BE54-9A1E7A4F7556}") = "Tyuiu.GulahmedovTE.Sprint6.Task0.V22", "Tyuiu.GulahmedovTE.Sprint6.Task0.V22\Tyuiu.GulahmedovTE.Sprint6.Task0.V22.csproj", "{FC5E69C4-F31A-4427-83E9-83BC13913C3D}"
EndProject
Project("{2150E333-8FDC-42A3-9474-1A3956D46DE8}") = "task1", "task1", "{FB2A54FA-0777-4107-9EC3-9CB7491842B2}"
EndProject
Project("{9A19103F-16F7-4668-BE54-9A1E7A4F7556}") = "Tyuiu.GulahmedovTE.Sprint6.Task1.V2.Lib", "Tyuiu.GulahmedovTE.Sprint6.Task1.V2.Lib\Tyuiu.GulahmedovTE.Sprint6.Task1.V2.Lib.csproj", "{65E4366F-D08A-4AAC-AAB4-C8DE3E1B12C8}"
EndProject
Project("{9A19103F-16F7-4668-BE54-9A1E7A4F7556}") = "Tyuiu.GulahmedovTE.Sprint6.Task1.V2", "Tyuiu.GulahmedovTE.Sprint6.Task1.V2\Tyuiu.GulahmedovTE.Sprint6.Task1.V2.csproj", "{A2F7D73A-AD1F-4AEA-A364-BBC2CC287EAB}"
EndProject
Project("{9A19103F-16F7-4668-BE54-9A1E7A4F7556}") = "Tyuiu.GulahmedovTE.Sprint6.Task1.V2.Test", "Tyuiu.GulahmedovTE.Sprint6.Task1.V2.Test\Tyuiu.GulahmedovTE.Sprint6.Task1.V2.Test.csproj", "{ACCD5D76-9499-4413-B6F4-1F459AC56E84}"
EndProject
Project("{2150E333-8FDC-42A3-9474-1A3956D46DE8}") = "task2", "task2", "{8FE2894E-06DE-421B-B21A-A6450F2101BD}"
EndProject
Project("{9A19103F-16F7-4668-BE54-9A1E7A4F7556}") = "Tyuiu.GulahmedovTE.Sprint6.Task2.V9.Lib", "Tyuiu.GulahmedovTE.Sprint6.Task2.V9.Lib\Tyuiu.GulahmedovTE.Sprint6.Task2.V9.Lib.csproj", "{980FD569-6D57-40AB-82AC-88E903ADE488}"
EndProject
Project("{9A19103F-16F7-4668-BE54-9A1E7A4F7556}") = "Tyuiu.GulahmedovTE.Sprint6.Task2.V9.Test", "Tyuiu.GulahmedovTE.Sprint6.Task2.V9.Test\Tyuiu.GulahmedovTE.Sprint6.Task2.V9.Test.csproj", "{0D32F1FC-BA6C-40A7-A72D-A0ECA597AF5B}"
EndProject
Project("{9A19103F-16F7-4668-BE54-9A1E7A4F7556}") = "Tyuiu.GulahmedovTE.Sprint6.Task2.V9", "Tyuiu.GulahmedovTE.Sprint6.Task2.V9\Tyuiu.GulahmedovTE.Sprint6.Task2.V9.csproj", "{CD3FE26F-EADC-4145-940F-DCC2E7632C9D}"
EndProject
Project("{2150E333-8FDC-42A3-9474-1A3956D46DE8}") = "task3", "task3", "{A45D89BD-45A4-4B72-A249-EBE4053A3C8A}"
EndProject
Project("{9A19103F-16F7-4668-BE54-9A1E7A4F7556}") = "Tyuiu.GulahmedovTE.Sprint6.Task3.V11.Lib", "Tyuiu.GulahmedovTE.Sprint6.Task3.V11.Lib\Tyuiu.GulahmedovTE.Sprint6.Task3.V11.Lib.csproj", "{662FE4C8-7124-42CE-AD9F-6AFB7ED6DCC1}"
EndProject
Project("{9A19103F-16F7-4668-BE54-9A1E7A4F7556}") = "Tyuiu.GulahmedovTE.Sprint6.Task3.V11.Test", "Tyuiu.GulahmedovTE.Sprint6.Task3.V11.Test\Tyuiu.GulahmedovTE.Sprint6.Task3.V11.Test.csproj", "{4EAF2BB6-537E-4C48-A80F-7D0FDA71C150}"
EndProject
Project("{FAE04EC0-301F-11D3-BF4B-00C04F79EFBC}") = "Tyuiu.GulahmedovTE.Sprint6.Task3.V11", "Tyuiu.GulahmedovTE.Sprint6.Task3.V11\Tyuiu.GulahmedovTE.Sprint6.Task3.V11.csproj", "{2B64F5B6-26B7-4969-9DE4-DF59D4C68E5D}"
EndProject
Project("{2150E333-8FDC-42A3-9474-1A3956D46DE8}") = "task4", "task4", "{44453384-0397-4053-B7A2-63B5D889924B}"
EndProject
Project("{FAE04EC0-301F-11D3-BF4B-00C04F79EFBC}") = "Tyuiu.GulahmedovTE.Sprint6.Task4.V13", "Tyuiu.GulahmedovTE.Sprint6.Task4.V13\Tyuiu.GulahmedovTE.Sprint6.Task4.V13.csproj", "{5E434811-4B5D-428E-A95E-93064BEC9556}"
EndProject
Project("{FAE04EC0-301F-11D3-BF4B-00C04F79EFBC}") = "Tyuiu.GulahmedovTE.Sprint6.Task4.V13.Test", "Tyuiu.GulahmedovTE.Sprint6.Task4.V13.Test\Tyuiu.GulahmedovTE.Sprint6.Task4.V13.Test.csproj", "{885A5824-4D4E-43A0-92A0-94DED7CDF41B}"
EndProject
Project("{FAE04EC0-301F-11D3-BF4B-00C04F79EFBC}") = "Tyuiu.GulahmedovTE.Sprint6.Task4.V13.Lib", "Tyuiu.GulahmedovTE.Sprint6.Task4.V13.Lib\Tyuiu.GulahmedovTE.Sprint6.Task4.V13.Lib.csproj", "{DDF38FD5-D2D9-4173-8045-F331345EE3DF}"
EndProject
Project("{2150E333-8FDC-42A3-9474-1A3956D46DE8}") = "task5", "task5", "{567508E6-4324-4B49-A359-BA90C8FA3ABD}"
EndProject
Project("{FAE04EC0-301F-11D3-BF4B-00C04F79EFBC}") = "Tyuiu.GulahmedovTE.Sprint6.Task5.V11.Lib", "Tyuiu.GulahmedovTE.Sprint6.Task5.V11.Lib\Tyuiu.GulahmedovTE.Sprint6.Task5.V11.Lib.csproj", "{406C5501-BC2A-4689-894B-EA637C94F033}"
EndProject
Project("{FAE04EC0-301F-11D3-BF4B-00C04F79EFBC}") = "Tyuiu.GulahmedovTE.Sprint6.Task5.V11.Test", "Tyuiu.GulahmedovTE.Sprint6.Task5.V11.Test\Tyuiu.GulahmedovTE.Sprint6.Task5.V11.Test.csproj", "{0D1494F5-4943-489B-A5B9-878977A13F26}"
EndProject
Project("{FAE04EC0-301F-11D3-BF4B-00C04F79EFBC}") = "Tyuiu.GulahmedovTE.Sprint6.Task5.V11", "Tyuiu.GulahmedovTE.Sprint6.Task5.V11\Tyuiu.GulahmedovTE.Sprint6.Task5.V11.csproj", "{7B57A580-B3D7-49C3-9560-0A28DED6018E}"
EndProject
Global
	GlobalSection(SolutionConfigurationPlatforms) = preSolution
		Debug|Any CPU = Debug|Any CPU
		Release|Any CPU = Release|Any CPU
	EndGlobalSection
	GlobalSection(ProjectConfigurationPlatforms) = postSolution
		{69ABFE4D-5E42-4670-BCB3-A781DFADA061}.Debug|Any CPU.ActiveCfg = Debug|Any CPU
		{69ABFE4D-5E42-4670-BCB3-A781DFADA061}.Debug|Any CPU.Build.0 = Debug|Any CPU
		{69ABFE4D-5E42-4670-BCB3-A781DFADA061}.Release|Any CPU.ActiveCfg = Release|Any CPU
		{69ABFE4D-5E42-4670-BCB3-A781DFADA061}.Release|Any CPU.Build.0 = Release|Any CPU
		{7C85A5AE-3A3B-4039-AC2F-DDD6D960EB20}.Debug|Any CPU.ActiveCfg = Debug|Any CPU
		{7C85A5AE-3A3B-4039-AC2F-DDD6D960EB20}.Debug|Any CPU.Build.0 = Debug|Any CPU
		{7C85A5AE-3A3B-4039-AC2F-DDD6D960EB20}.Release|Any CPU.ActiveCfg = Release|Any CPU
		{7C85A5AE-3A3B-4039-AC2F-DDD6D960EB20}.Release|Any CPU.Build.0 = Release|Any CPU
		{FC5E69C4-F31A-4427-83E9-83BC13913C3D}.Debug|Any CPU.ActiveCfg = Debug|Any CPU
		{FC5E69C4-F31A-4427-83E9-83BC13913C3D}.Debug|Any CPU.Build.0 = Debug|Any CPU
		{FC5E69C4-F31A-4427-83E9-83BC13913C3D}.Release|Any CPU.ActiveCfg = Release|Any CPU
		{FC5E69C4-F31A-4427-83E9-83BC13913C3D}.Release|Any CPU.Build.0 = Release|Any CPU
		{65E4366F-D08A-4AAC-AAB4-C8DE3E1B12C8}.Debug|Any CPU.ActiveCfg = Debug|Any CPU
		{65E4366F-D08A-4AAC-AAB4-C8DE3E1B12C8}.Debug|Any CPU.Build.0 = Debug|Any CPU
		{65E4366F-D08A-4AAC-AAB4-C8DE3E1B12C8}.Release|Any CPU.ActiveCfg = Release|Any CPU
		{65E4366F-D08A-4AAC-AAB4-C8DE3E1B12C8}.Release|Any CPU.Build.0 = Release|Any CPU
		{A2F7D73A-AD1F-4AEA-A364-BBC2CC287EAB}.Debug|Any CPU.ActiveCfg = Debug|Any CPU
		{A2F7D73A-AD1F-4AEA-A364-BBC2CC287EAB}.Debug|Any CPU.Build.0 = Debug|Any CPU
		{A2F7D73A-AD1F-4AEA-A364-BBC2CC287EAB}.Release|Any CPU.ActiveCfg = Release|Any CPU
		{A2F7D73A-AD1F-4AEA-A364-BBC2CC287EAB}.Release|Any CPU.Build.0 = Release|Any CPU
		{ACCD5D76-9499-4413-B6F4-1F459AC56E84}.Debug|Any CPU.ActiveCfg = Debug|Any CPU
		{ACCD5D76-9499-4413-B6F4-1F459AC56E84}.Debug|Any CPU.Build.0 = Debug|Any CPU
		{ACCD5D76-9499-4413-B6F4-1F459AC56E84}.Release|Any CPU.ActiveCfg = Release|Any CPU
		{ACCD5D76-9499-4413-B6F4-1F459AC56E84}.Release|Any CPU.Build.0 = Release|Any CPU
		{980FD569-6D57-40AB-82AC-88E903ADE488}.Debug|Any CPU.ActiveCfg = Debug|Any CPU
		{980FD569-6D57-40AB-82AC-88E903ADE488}.Debug|Any CPU.Build.0 = Debug|Any CPU
		{980FD569-6D57-40AB-82AC-88E903ADE488}.Release|Any CPU.ActiveCfg = Release|Any CPU
		{980FD569-6D57-40AB-82AC-88E903ADE488}.Release|Any CPU.Build.0 = Release|Any CPU
		{0D32F1FC-BA6C-40A7-A72D-A0ECA597AF5B}.Debug|Any CPU.ActiveCfg = Debug|Any CPU
		{0D32F1FC-BA6C-40A7-A72D-A0ECA597AF5B}.Debug|Any CPU.Build.0 = Debug|Any CPU
		{0D32F1FC-BA6C-40A7-A72D-A0ECA597AF5B}.Release|Any CPU.ActiveCfg = Release|Any CPU
		{0D32F1FC-BA6C-40A7-A72D-A0ECA597AF5B}.Release|Any CPU.Build.0 = Release|Any CPU
		{CD3FE26F-EADC-4145-940F-DCC2E7632C9D}.Debug|Any CPU.ActiveCfg = Debug|Any CPU
		{CD3FE26F-EADC-4145-940F-DCC2E7632C9D}.Debug|Any CPU.Build.0 = Debug|Any CPU
		{CD3FE26F-EADC-4145-940F-DCC2E7632C9D}.Release|Any CPU.ActiveCfg = Release|Any CPU
		{CD3FE26F-EADC-4145-940F-DCC2E7632C9D}.Release|Any CPU.Build.0 = Release|Any CPU
		{662FE4C8-7124-42CE-AD9F-6AFB7ED6DCC1}.Debug|Any CPU.ActiveCfg = Debug|Any CPU
		{662FE4C8-7124-42CE-AD9F-6AFB7ED6DCC1}.Debug|Any CPU.Build.0 = Debug|Any CPU
		{662FE4C8-7124-42CE-AD9F-6AFB7ED6DCC1}.Release|Any CPU.ActiveCfg = Release|Any CPU
		{662FE4C8-7124-42CE-AD9F-6AFB7ED6DCC1}.Release|Any CPU.Build.0 = Release|Any CPU
		{4EAF2BB6-537E-4C48-A80F-7D0FDA71C150}.Debug|Any CPU.ActiveCfg = Debug|Any CPU
		{4EAF2BB6-537E-4C48-A80F-7D0FDA71C150}.Debug|Any CPU.Build.0 = Debug|Any CPU
		{4EAF2BB6-537E-4C48-A80F-7D0FDA71C150}.Release|Any CPU.ActiveCfg = Release|Any CPU
		{4EAF2BB6-537E-4C48-A80F-7D0FDA71C150}.Release|Any CPU.Build.0 = Release|Any CPU
		{2B64F5B6-26B7-4969-9DE4-DF59D4C68E5D}.Debug|Any CPU.ActiveCfg = Debug|Any CPU
		{2B64F5B6-26B7-4969-9DE4-DF59D4C68E5D}.Debug|Any CPU.Build.0 = Debug|Any CPU
		{2B64F5B6-26B7-4969-9DE4-DF59D4C68E5D}.Release|Any CPU.ActiveCfg = Release|Any CPU
		{2B64F5B6-26B7-4969-9DE4-DF59D4C68E5D}.Release|Any CPU.Build.0 = Release|Any CPU
		{5E434811-4B5D-428E-A95E-93064BEC9556}.Debug|Any CPU.ActiveCfg = Debug|Any CPU
		{5E434811-4B5D-428E-A95E-93064BEC9556}.Debug|Any CPU.Build.0 = Debug|Any CPU
		{5E434811-4B5D-428E-A95E-93064BEC9556}.Release|Any CPU.ActiveCfg = Release|Any CPU
		{5E434811-4B5D-428E-A95E-93064BEC9556}.Release|Any CPU.Build.0 = Release|Any CPU
		{885A5824-4D4E-43A0-92A0-94DED7CDF41B}.Debug|Any CPU.ActiveCfg = Debug|Any CPU
		{885A5824-4D4E-43A0-92A0-94DED7CDF41B}.Debug|Any CPU.Build.0 = Debug|Any CPU
		{885A5824-4D4E-43A0-92A0-94DED7CDF41B}.Release|Any CPU.ActiveCfg = Release|Any CPU
		{885A5824-4D4E-43A0-92A0-94DED7CDF41B}.Release|Any CPU.Build.0 = Release|Any CPU
		{DDF38FD5-D2D9-4173-8045-F331345EE3DF}.Debug|Any CPU.ActiveCfg = Debug|Any CPU
		{DDF38FD5-D2D9-4173-8045-F331345EE3DF}.Debug|Any CPU.Build.0 = Debug|Any CPU
		{DDF38FD5-D2D9-4173-8045-F331345EE3DF}.Release|Any CPU.ActiveCfg = Release|Any CPU
		{DDF38FD5-D2D9-4173-8045-F331345EE3DF}.Release|Any CPU.Build.0 = Release|Any CPU
		{406C5501-BC2A-4689-894B-EA637C94F033}.Debug|Any CPU.ActiveCfg = Debug|Any CPU
		{406C5501-BC2A-4689-894B-EA637C94F033}.Debug|Any CPU.Build.0 = Debug|Any CPU
		{406C5501-BC2A-4689-894B-EA637C94F033}.Release|Any CPU.ActiveCfg = Release|Any CPU
		{406C5501-BC2A-4689-894B-EA637C94F033}.Release|Any CPU.Build.0 = Release|Any CPU
		{0D1494F5-4943-489B-A5B9-878977A13F26}.Debug|Any CPU.ActiveCfg = Debug|Any CPU
		{0D1494F5-4943-489B-A5B9-878977A13F26}.Debug|Any CPU.Build.0 = Debug|Any CPU
		{0D1494F5-4943-489B-A5B9-878977A13F26}.Release|Any CPU.ActiveCfg = Release|Any CPU
		{0D1494F5-4943-489B-A5B9-878977A13F26}.Release|Any CPU.Build.0 = Release|Any CPU
		{7B57A580-B3D7-49C3-9560-0A28DED6018E}.Debug|Any CPU.ActiveCfg = Debug|Any CPU
		{7B57A580-B3D7-49C3-9560-0A28DED6018E}.Debug|Any CPU.Build.0 = Debug|Any CPU
		{7B57A580-B3D7-49C3-9560-0A28DED6018E}.Release|Any CPU.ActiveCfg = Release|Any CPU
		{7B57A580-B3D7-49C3-9560-0A28DED6018E}.Release|Any CPU.Build.0 = Release|Any CPU
	EndGlobalSection
	GlobalSection(SolutionProperties) = preSolution
		HideSolutionNode = FALSE
	EndGlobalSection
	GlobalSection(NestedProjects) = preSolution
		{69ABFE4D-5E42-4670-BCB3-A781DFADA061} = {53C08016-1CDB-4A09-86C4-F7B8B18B2F03}
		{7C85A5AE-3A3B-4039-AC2F-DDD6D960EB20} = {53C08016-1CDB-4A09-86C4-F7B8B18B2F03}
		{FC5E69C4-F31A-4427-83E9-83BC13913C3D} = {53C08016-1CDB-4A09-86C4-F7B8B18B2F03}
		{65E4366F-D08A-4AAC-AAB4-C8DE3E1B12C8} = {FB2A54FA-0777-4107-9EC3-9CB7491842B2}
		{A2F7D73A-AD1F-4AEA-A364-BBC2CC287EAB} = {FB2A54FA-0777-4107-9EC3-9CB7491842B2}
		{ACCD5D76-9499-4413-B6F4-1F459AC56E84} = {FB2A54FA-0777-4107-9EC3-9CB7491842B2}
		{980FD569-6D57-40AB-82AC-88E903ADE488} = {8FE2894E-06DE-421B-B21A-A6450F2101BD}
		{0D32F1FC-BA6C-40A7-A72D-A0ECA597AF5B} = {8FE2894E-06DE-421B-B21A-A6450F2101BD}
		{CD3FE26F-EADC-4145-940F-DCC2E7632C9D} = {8FE2894E-06DE-421B-B21A-A6450F2101BD}
		{662FE4C8-7124-42CE-AD9F-6AFB7ED6DCC1} = {A45D89BD-45A4-4B72-A249-EBE4053A3C8A}
		{4EAF2BB6-537E-4C48-A80F-7D0FDA71C150} = {A45D89BD-45A4-4B72-A249-EBE4053A3C8A}
		{2B64F5B6-26B7-4969-9DE4-DF59D4C68E5D} = {A45D89BD-45A4-4B72-A249-EBE4053A3C8A}
		{5E434811-4B5D-428E-A95E-93064BEC9556} = {44453384-0397-4053-B7A2-63B5D889924B}
		{885A5824-4D4E-43A0-92A0-94DED7CDF41B} = {44453384-0397-4053-B7A2-63B5D889924B}
		{DDF38FD5-D2D9-4173-8045-F331345EE3DF} = {44453384-0397-4053-B7A2-63B5D889924B}
		{406C5501-BC2A-4689-894B-EA637C94F033} = {567508E6-4324-4B49-A359-BA90C8FA3ABD}
		{0D1494F5-4943-489B-A5B9-878977A13F26} = {567508E6-4324-4B49-A359-BA90C8FA3ABD}
		{7B57A580-B3D7-49C3-9560-0A28DED6018E} = {567508E6-4324-4B49-A359-BA90C8FA3ABD}
	EndGlobalSection
	GlobalSection(ExtensibilityGlobals) = postSolution
		SolutionGuid = {9166C7B0-112D-4D98-B521-FFE586528BB9}
	EndGlobalSection
EndGlobal
